
Microsoft Visual Studio Solution File, Format Version 12.00
# Visual Studio Version 17
VisualStudioVersion = 17.7.34009.444
MinimumVisualStudioVersion = 10.0.40219.1
Project("{9A19103F-16F7-4668-BE54-9A1E7A4F7556}") = "Charting", "Charting\Charting.csproj", "{04F53EE2-AB59-44CF-A852-74C3BDE24B3B}"
EndProject
Project("{9A19103F-16F7-4668-BE54-9A1E7A4F7556}") = "Charting.Test", "Charting.Test\Charting.Test.csproj", "{707AC087-28C0-4745-99BB-656FB1EBB258}"
EndProject
Global
	GlobalSection(SolutionConfigurationPlatforms) = preSolution
		Debug|Any CPU = Debug|Any CPU
		Release|Any CPU = Release|Any CPU
	EndGlobalSection
	GlobalSection(ProjectConfigurationPlatforms) = postSolution
		{04F53EE2-AB59-44CF-A852-74C3BDE24B3B}.Debug|Any CPU.ActiveCfg = Debug|Any CPU
		{04F53EE2-AB59-44CF-A852-74C3BDE24B3B}.Debug|Any CPU.Build.0 = Debug|Any CPU
		{04F53EE2-AB59-44CF-A852-74C3BDE24B3B}.Release|Any CPU.ActiveCfg = Release|Any CPU
		{04F53EE2-AB59-44CF-A852-74C3BDE24B3B}.Release|Any CPU.Build.0 = Release|Any CPU
		{707AC087-28C0-4745-99BB-656FB1EBB258}.Debug|Any CPU.ActiveCfg = Debug|Any CPU
		{707AC087-28C0-4745-99BB-656FB1EBB258}.Debug|Any CPU.Build.0 = Debug|Any CPU
		{707AC087-28C0-4745-99BB-656FB1EBB258}.Release|Any CPU.ActiveCfg = Release|Any CPU
		{707AC087-28C0-4745-99BB-656FB1EBB258}.Release|Any CPU.Build.0 = Release|Any CPU
	EndGlobalSection
	GlobalSection(SolutionProperties) = preSolution
		HideSolutionNode = FALSE
	EndGlobalSection
	GlobalSection(ExtensibilityGlobals) = postSolution
		SolutionGuid = {70351E44-F83B-4A10-9D59-609399AD1A07}
	EndGlobalSection
EndGlobal
